
Microsoft Visual Studio Solution File, Format Version 12.00
# Visual Studio Version 17
VisualStudioVersion = 17.7.34031.279
MinimumVisualStudioVersion = 10.0.40219.1
Project("{FAE04EC0-301F-11D3-BF4B-00C04F79EFBC}") = "lab1ex3", "lab1ex3\lab1ex3.csproj", "{32885662-095A-4913-975E-2578F25A1669}"
EndProject
Global
	GlobalSection(SolutionConfigurationPlatforms) = preSolution
		Debug|Any CPU = Debug|Any CPU
		Release|Any CPU = Release|Any CPU
	EndGlobalSection
	GlobalSection(ProjectConfigurationPlatforms) = postSolution
		{32885662-095A-4913-975E-2578F25A1669}.Debug|Any CPU.ActiveCfg = Debug|Any CPU
		{32885662-095A-4913-975E-2578F25A1669}.Debug|Any CPU.Build.0 = Debug|Any CPU
		{32885662-095A-4913-975E-2578F25A1669}.Release|Any CPU.ActiveCfg = Release|Any CPU
		{32885662-095A-4913-975E-2578F25A1669}.Release|Any CPU.Build.0 = Release|Any CPU
	EndGlobalSection
	GlobalSection(SolutionProperties) = preSolution
		HideSolutionNode = FALSE
	EndGlobalSection
	GlobalSection(ExtensibilityGlobals) = postSolution
		SolutionGuid = {94846B1C-7863-4D51-A0A1-29CF6E9E7FD6}
	EndGlobalSection
EndGlobal
